
Microsoft Visual Studio Solution File, Format Version 12.00
# Visual Studio Version 16
VisualStudioVersion = 16.0.31105.61
MinimumVisualStudioVersion = 10.0.40219.1
Project("{FAE04EC0-301F-11D3-BF4B-00C04F79EFBC}") = "ProyectoPrueba", "ProyectoPrueba\ProyectoPrueba.csproj", "{ED7391B3-E4D8-418B-8BE6-8D40640E0177}"
EndProject
Global
	GlobalSection(SolutionConfigurationPlatforms) = preSolution
		Debug|Any CPU = Debug|Any CPU
		Release|Any CPU = Release|Any CPU
	EndGlobalSection
	GlobalSection(ProjectConfigurationPlatforms) = postSolution
		{ED7391B3-E4D8-418B-8BE6-8D40640E0177}.Debug|Any CPU.ActiveCfg = Debug|Any CPU
		{ED7391B3-E4D8-418B-8BE6-8D40640E0177}.Debug|Any CPU.Build.0 = Debug|Any CPU
		{ED7391B3-E4D8-418B-8BE6-8D40640E0177}.Release|Any CPU.ActiveCfg = Release|Any CPU
		{ED7391B3-E4D8-418B-8BE6-8D40640E0177}.Release|Any CPU.Build.0 = Release|Any CPU
	EndGlobalSection
	GlobalSection(SolutionProperties) = preSolution
		HideSolutionNode = FALSE
	EndGlobalSection
	GlobalSection(ExtensibilityGlobals) = postSolution
		SolutionGuid = {1EF56BD4-5C1A-4CB4-AE27-0A68F7F9A77C}
	EndGlobalSection
EndGlobal
